// !$*UTF8*$!
{
	archiveVersion = 1;
	classes = {
	};
	objectVersion = 46;
	objects = {

/* Begin PBXBuildFile section */
		26256FAD5FAFEBF9FF981463 /* libPods-FastlaneDemoUITests.a in Frameworks */ = {isa = PBXBuildFile; fileRef = 854E995DBA24C8292BA144F4 /* libPods-FastlaneDemoUITests.a */; };
		4439BF60C2E3E1894D84760B /* libPods-FastlaneDemo.a in Frameworks */ = {isa = PBXBuildFile; fileRef = 89DA3E549053DBC411D5D2D4 /* libPods-FastlaneDemo.a */; };
		CDB540091DD6C81000F05E73 /* main.m in Sources */ = {isa = PBXBuildFile; fileRef = CDB540081DD6C81000F05E73 /* main.m */; };
		CDB5400C1DD6C81000F05E73 /* AppDelegate.m in Sources */ = {isa = PBXBuildFile; fileRef = CDB5400B1DD6C81000F05E73 /* AppDelegate.m */; };
		CDB5400F1DD6C81000F05E73 /* FirstViewController.m in Sources */ = {isa = PBXBuildFile; fileRef = CDB5400E1DD6C81000F05E73 /* FirstViewController.m */; };
		CDB540121DD6C81000F05E73 /* SecondViewController.m in Sources */ = {isa = PBXBuildFile; fileRef = CDB540111DD6C81000F05E73 /* SecondViewController.m */; };
		CDB540151DD6C81000F05E73 /* Main.storyboard in Resources */ = {isa = PBXBuildFile; fileRef = CDB540131DD6C81000F05E73 /* Main.storyboard */; };
		CDB540171DD6C81000F05E73 /* Assets.xcassets in Resources */ = {isa = PBXBuildFile; fileRef = CDB540161DD6C81000F05E73 /* Assets.xcassets */; };
		CDB5401A1DD6C81000F05E73 /* LaunchScreen.storyboard in Resources */ = {isa = PBXBuildFile; fileRef = CDB540181DD6C81000F05E73 /* LaunchScreen.storyboard */; };
		CDB540251DD6C81000F05E73 /* FastlaneDemoUITests.m in Sources */ = {isa = PBXBuildFile; fileRef = CDB540241DD6C81000F05E73 /* FastlaneDemoUITests.m */; };
/* End PBXBuildFile section */

/* Begin PBXContainerItemProxy section */
		CDB540211DD6C81000F05E73 /* PBXContainerItemProxy */ = {
			isa = PBXContainerItemProxy;
			containerPortal = CDB53FFC1DD6C81000F05E73 /* Project object */;
			proxyType = 1;
			remoteGlobalIDString = CDB540031DD6C81000F05E73;
			remoteInfo = FastlaneDemo;
		};
/* End PBXContainerItemProxy section */

/* Begin PBXFileReference section */
		369CAD414E543E9EC37DFA13 /* Pods-FastlaneDemoUITests.release.xcconfig */ = {isa = PBXFileReference; includeInIndex = 1; lastKnownFileType = text.xcconfig; name = "Pods-FastlaneDemoUITests.release.xcconfig"; path = "Pods/Target Support Files/Pods-FastlaneDemoUITests/Pods-FastlaneDemoUITests.release.xcconfig"; sourceTree = "<group>"; };
		42853825073C0690535D1538 /* Pods-FastlaneDemo.release.xcconfig */ = {isa = PBXFileReference; includeInIndex = 1; lastKnownFileType = text.xcconfig; name = "Pods-FastlaneDemo.release.xcconfig"; path = "Pods/Target Support Files/Pods-FastlaneDemo/Pods-FastlaneDemo.release.xcconfig"; sourceTree = "<group>"; };
		854E995DBA24C8292BA144F4 /* libPods-FastlaneDemoUITests.a */ = {isa = PBXFileReference; explicitFileType = archive.ar; includeInIndex = 0; path = "libPods-FastlaneDemoUITests.a"; sourceTree = BUILT_PRODUCTS_DIR; };
		89DA3E549053DBC411D5D2D4 /* libPods-FastlaneDemo.a */ = {isa = PBXFileReference; explicitFileType = archive.ar; includeInIndex = 0; path = "libPods-FastlaneDemo.a"; sourceTree = BUILT_PRODUCTS_DIR; };
		91AC8FA9CED99E75201F96DA /* Pods-FastlaneDemoUITests.debug.xcconfig */ = {isa = PBXFileReference; includeInIndex = 1; lastKnownFileType = text.xcconfig; name = "Pods-FastlaneDemoUITests.debug.xcconfig"; path = "Pods/Target Support Files/Pods-FastlaneDemoUITests/Pods-FastlaneDemoUITests.debug.xcconfig"; sourceTree = "<group>"; };
		C1CC14706B2BEA1507933453 /* Pods-FastlaneDemo.debug.xcconfig */ = {isa = PBXFileReference; includeInIndex = 1; lastKnownFileType = text.xcconfig; name = "Pods-FastlaneDemo.debug.xcconfig"; path = "Pods/Target Support Files/Pods-FastlaneDemo/Pods-FastlaneDemo.debug.xcconfig"; sourceTree = "<group>"; };
		CDB540041DD6C81000F05E73 /* FastlaneDemo.app */ = {isa = PBXFileReference; explicitFileType = wrapper.application; includeInIndex = 0; path = FastlaneDemo.app; sourceTree = BUILT_PRODUCTS_DIR; };
		CDB540081DD6C81000F05E73 /* main.m */ = {isa = PBXFileReference; lastKnownFileType = sourcecode.c.objc; path = main.m; sourceTree = "<group>"; };
		CDB5400A1DD6C81000F05E73 /* AppDelegate.h */ = {isa = PBXFileReference; lastKnownFileType = sourcecode.c.h; path = AppDelegate.h; sourceTree = "<group>"; };
		CDB5400B1DD6C81000F05E73 /* AppDelegate.m */ = {isa = PBXFileReference; lastKnownFileType = sourcecode.c.objc; path = AppDelegate.m; sourceTree = "<group>"; };
		CDB5400D1DD6C81000F05E73 /* FirstViewController.h */ = {isa = PBXFileReference; lastKnownFileType = sourcecode.c.h; path = FirstViewController.h; sourceTree = "<group>"; };
		CDB5400E1DD6C81000F05E73 /* FirstViewController.m */ = {isa = PBXFileReference; lastKnownFileType = sourcecode.c.objc; path = FirstViewController.m; sourceTree = "<group>"; };
		CDB540101DD6C81000F05E73 /* SecondViewController.h */ = {isa = PBXFileReference; lastKnownFileType = sourcecode.c.h; path = SecondViewController.h; sourceTree = "<group>"; };
		CDB540111DD6C81000F05E73 /* SecondViewController.m */ = {isa = PBXFileReference; lastKnownFileType = sourcecode.c.objc; path = SecondViewController.m; sourceTree = "<group>"; };
		CDB540141DD6C81000F05E73 /* Base */ = {isa = PBXFileReference; lastKnownFileType = file.storyboard; name = Base; path = Base.lproj/Main.storyboard; sourceTree = "<group>"; };
		CDB540161DD6C81000F05E73 /* Assets.xcassets */ = {isa = PBXFileReference; lastKnownFileType = folder.assetcatalog; path = Assets.xcassets; sourceTree = "<group>"; };
		CDB540191DD6C81000F05E73 /* Base */ = {isa = PBXFileReference; lastKnownFileType = file.storyboard; name = Base; path = Base.lproj/LaunchScreen.storyboard; sourceTree = "<group>"; };
		CDB5401B1DD6C81000F05E73 /* Info.plist */ = {isa = PBXFileReference; lastKnownFileType = text.plist.xml; path = Info.plist; sourceTree = "<group>"; };
		CDB540201DD6C81000F05E73 /* FastlaneDemoUITests.xctest */ = {isa = PBXFileReference; explicitFileType = wrapper.cfbundle; includeInIndex = 0; path = FastlaneDemoUITests.xctest; sourceTree = BUILT_PRODUCTS_DIR; };
		CDB540241DD6C81000F05E73 /* FastlaneDemoUITests.m */ = {isa = PBXFileReference; lastKnownFileType = sourcecode.c.objc; path = FastlaneDemoUITests.m; sourceTree = "<group>"; };
		CDB540261DD6C81000F05E73 /* Info.plist */ = {isa = PBXFileReference; lastKnownFileType = text.plist.xml; path = Info.plist; sourceTree = "<group>"; };
/* End PBXFileReference section */

/* Begin PBXFrameworksBuildPhase section */
		CDB540011DD6C81000F05E73 /* Frameworks */ = {
			isa = PBXFrameworksBuildPhase;
			buildActionMask = 2147483647;
			files = (
				4439BF60C2E3E1894D84760B /* libPods-FastlaneDemo.a in Frameworks */,
			);
			runOnlyForDeploymentPostprocessing = 0;
		};
		CDB5401D1DD6C81000F05E73 /* Frameworks */ = {
			isa = PBXFrameworksBuildPhase;
			buildActionMask = 2147483647;
			files = (
				26256FAD5FAFEBF9FF981463 /* libPods-FastlaneDemoUITests.a in Frameworks */,
			);
			runOnlyForDeploymentPostprocessing = 0;
		};
/* End PBXFrameworksBuildPhase section */

/* Begin PBXGroup section */
		37C03B617F06AFCD4764256C /* Pods */ = {
			isa = PBXGroup;
			children = (
				C1CC14706B2BEA1507933453 /* Pods-FastlaneDemo.debug.xcconfig */,
				42853825073C0690535D1538 /* Pods-FastlaneDemo.release.xcconfig */,
				91AC8FA9CED99E75201F96DA /* Pods-FastlaneDemoUITests.debug.xcconfig */,
				369CAD414E543E9EC37DFA13 /* Pods-FastlaneDemoUITests.release.xcconfig */,
			);
			name = Pods;
			sourceTree = "<group>";
		};
		CDB53FFB1DD6C81000F05E73 = {
			isa = PBXGroup;
			children = (
				CDB540061DD6C81000F05E73 /* FastlaneDemo */,
				CDB540231DD6C81000F05E73 /* FastlaneDemoUITests */,
				CDB540051DD6C81000F05E73 /* Products */,
				37C03B617F06AFCD4764256C /* Pods */,
				F7317B058C6B75B492364EDE /* Frameworks */,
			);
			sourceTree = "<group>";
		};
		CDB540051DD6C81000F05E73 /* Products */ = {
			isa = PBXGroup;
			children = (
				CDB540041DD6C81000F05E73 /* FastlaneDemo.app */,
				CDB540201DD6C81000F05E73 /* FastlaneDemoUITests.xctest */,
			);
			name = Products;
			sourceTree = "<group>";
		};
		CDB540061DD6C81000F05E73 /* FastlaneDemo */ = {
			isa = PBXGroup;
			children = (
				CDB5400A1DD6C81000F05E73 /* AppDelegate.h */,
				CDB5400B1DD6C81000F05E73 /* AppDelegate.m */,
				CDB5400D1DD6C81000F05E73 /* FirstViewController.h */,
				CDB5400E1DD6C81000F05E73 /* FirstViewController.m */,
				CDB540101DD6C81000F05E73 /* SecondViewController.h */,
				CDB540111DD6C81000F05E73 /* SecondViewController.m */,
				CDB540131DD6C81000F05E73 /* Main.storyboard */,
				CDB540161DD6C81000F05E73 /* Assets.xcassets */,
				CDB540181DD6C81000F05E73 /* LaunchScreen.storyboard */,
				CDB5401B1DD6C81000F05E73 /* Info.plist */,
				CDB540071DD6C81000F05E73 /* Supporting Files */,
			);
			path = FastlaneDemo;
			sourceTree = "<group>";
		};
		CDB540071DD6C81000F05E73 /* Supporting Files */ = {
			isa = PBXGroup;
			children = (
				CDB540081DD6C81000F05E73 /* main.m */,
			);
			name = "Supporting Files";
			sourceTree = "<group>";
		};
		CDB540231DD6C81000F05E73 /* FastlaneDemoUITests */ = {
			isa = PBXGroup;
			children = (
				CDB540241DD6C81000F05E73 /* FastlaneDemoUITests.m */,
				CDB540261DD6C81000F05E73 /* Info.plist */,
			);
			path = FastlaneDemoUITests;
			sourceTree = "<group>";
		};
		F7317B058C6B75B492364EDE /* Frameworks */ = {
			isa = PBXGroup;
			children = (
				89DA3E549053DBC411D5D2D4 /* libPods-FastlaneDemo.a */,
				854E995DBA24C8292BA144F4 /* libPods-FastlaneDemoUITests.a */,
			);
			name = Frameworks;
			sourceTree = "<group>";
		};
/* End PBXGroup section */

/* Begin PBXNativeTarget section */
		CDB540031DD6C81000F05E73 /* FastlaneDemo */ = {
			isa = PBXNativeTarget;
			buildConfigurationList = CDB540291DD6C81000F05E73 /* Build configuration list for PBXNativeTarget "FastlaneDemo" */;
			buildPhases = (
				905609D686E5DC3A601BC6D6 /* [CP] Check Pods Manifest.lock */,
				CDB540001DD6C81000F05E73 /* Sources */,
				CDB540011DD6C81000F05E73 /* Frameworks */,
				CDB540021DD6C81000F05E73 /* Resources */,
				9850CB76DD0318754008F5D3 /* [CP] Embed Pods Frameworks */,
				06C5B3D7C61ABD745E078B2E /* [CP] Copy Pods Resources */,
				CD098AF71DD6EAF200C38CF2 /* ShellScript */,
			);
			buildRules = (
			);
			dependencies = (
			);
			name = FastlaneDemo;
			productName = FastlaneDemo;
			productReference = CDB540041DD6C81000F05E73 /* FastlaneDemo.app */;
			productType = "com.apple.product-type.application";
		};
		CDB5401F1DD6C81000F05E73 /* FastlaneDemoUITests */ = {
			isa = PBXNativeTarget;
			buildConfigurationList = CDB5402C1DD6C81000F05E73 /* Build configuration list for PBXNativeTarget "FastlaneDemoUITests" */;
			buildPhases = (
				8607FD0542C292CA99A6E760 /* [CP] Check Pods Manifest.lock */,
				CDB5401C1DD6C81000F05E73 /* Sources */,
				CDB5401D1DD6C81000F05E73 /* Frameworks */,
				CDB5401E1DD6C81000F05E73 /* Resources */,
				E7E8C18D249C714164F70DA8 /* [CP] Embed Pods Frameworks */,
				88C4182A04FC8FED39CFD9DB /* [CP] Copy Pods Resources */,
			);
			buildRules = (
			);
			dependencies = (
				CDB540221DD6C81000F05E73 /* PBXTargetDependency */,
			);
			name = FastlaneDemoUITests;
			productName = FastlaneDemoUITests;
			productReference = CDB540201DD6C81000F05E73 /* FastlaneDemoUITests.xctest */;
			productType = "com.apple.product-type.bundle.ui-testing";
		};
/* End PBXNativeTarget section */

/* Begin PBXProject section */
		CDB53FFC1DD6C81000F05E73 /* Project object */ = {
			isa = PBXProject;
			attributes = {
				LastUpgradeCheck = 0810;
				ORGANIZATIONNAME = TheGeekProjekt;
				TargetAttributes = {
					CDB540031DD6C81000F05E73 = {
						CreatedOnToolsVersion = 8.1;
						DevelopmentTeam = PRT6NHDX32;
						ProvisioningStyle = Automatic;
					};
					CDB5401F1DD6C81000F05E73 = {
						CreatedOnToolsVersion = 8.1;
						ProvisioningStyle = Automatic;
						TestTargetID = CDB540031DD6C81000F05E73;
					};
				};
			};
			buildConfigurationList = CDB53FFF1DD6C81000F05E73 /* Build configuration list for PBXProject "FastlaneDemo" */;
			compatibilityVersion = "Xcode 3.2";
			developmentRegion = English;
			hasScannedForEncodings = 0;
			knownRegions = (
				en,
				Base,
			);
			mainGroup = CDB53FFB1DD6C81000F05E73;
			productRefGroup = CDB540051DD6C81000F05E73 /* Products */;
			projectDirPath = "";
			projectRoot = "";
			targets = (
				CDB540031DD6C81000F05E73 /* FastlaneDemo */,
				CDB5401F1DD6C81000F05E73 /* FastlaneDemoUITests */,
			);
		};
/* End PBXProject section */

/* Begin PBXResourcesBuildPhase section */
		CDB540021DD6C81000F05E73 /* Resources */ = {
			isa = PBXResourcesBuildPhase;
			buildActionMask = 2147483647;
			files = (
				CDB5401A1DD6C81000F05E73 /* LaunchScreen.storyboard in Resources */,
				CDB540171DD6C81000F05E73 /* Assets.xcassets in Resources */,
				CDB540151DD6C81000F05E73 /* Main.storyboard in Resources */,
			);
			runOnlyForDeploymentPostprocessing = 0;
		};
		CDB5401E1DD6C81000F05E73 /* Resources */ = {
			isa = PBXResourcesBuildPhase;
			buildActionMask = 2147483647;
			files = (
			);
			runOnlyForDeploymentPostprocessing = 0;
		};
/* End PBXResourcesBuildPhase section */

/* Begin PBXShellScriptBuildPhase section */
		06C5B3D7C61ABD745E078B2E /* [CP] Copy Pods Resources */ = {
			isa = PBXShellScriptBuildPhase;
			buildActionMask = 2147483647;
			files = (
			);
			inputPaths = (
			);
			name = "[CP] Copy Pods Resources";
			outputPaths = (
			);
			runOnlyForDeploymentPostprocessing = 0;
			shellPath = /bin/sh;
			shellScript = "\"${SRCROOT}/Pods/Target Support Files/Pods-FastlaneDemo/Pods-FastlaneDemo-resources.sh\"\n";
			showEnvVarsInLog = 0;
		};
		8607FD0542C292CA99A6E760 /* [CP] Check Pods Manifest.lock */ = {
			isa = PBXShellScriptBuildPhase;
			buildActionMask = 2147483647;
			files = (
			);
			inputPaths = (
			);
			name = "[CP] Check Pods Manifest.lock";
			outputPaths = (
			);
			runOnlyForDeploymentPostprocessing = 0;
			shellPath = /bin/sh;
			shellScript = "diff \"${PODS_ROOT}/../Podfile.lock\" \"${PODS_ROOT}/Manifest.lock\" > /dev/null\nif [ $? != 0 ] ; then\n    # print error to STDERR\n    echo \"error: The sandbox is not in sync with the Podfile.lock. Run 'pod install' or update your CocoaPods installation.\" >&2\n    exit 1\nfi\n";
			showEnvVarsInLog = 0;
		};
		88C4182A04FC8FED39CFD9DB /* [CP] Copy Pods Resources */ = {
			isa = PBXShellScriptBuildPhase;
			buildActionMask = 2147483647;
			files = (
			);
			inputPaths = (
			);
			name = "[CP] Copy Pods Resources";
			outputPaths = (
			);
			runOnlyForDeploymentPostprocessing = 0;
			shellPath = /bin/sh;
			shellScript = "\"${SRCROOT}/Pods/Target Support Files/Pods-FastlaneDemoUITests/Pods-FastlaneDemoUITests-resources.sh\"\n";
			showEnvVarsInLog = 0;
		};
		905609D686E5DC3A601BC6D6 /* [CP] Check Pods Manifest.lock */ = {
			isa = PBXShellScriptBuildPhase;
			buildActionMask = 2147483647;
			files = (
			);
			inputPaths = (
			);
			name = "[CP] Check Pods Manifest.lock";
			outputPaths = (
			);
			runOnlyForDeploymentPostprocessing = 0;
			shellPath = /bin/sh;
			shellScript = "diff \"${PODS_ROOT}/../Podfile.lock\" \"${PODS_ROOT}/Manifest.lock\" > /dev/null\nif [ $? != 0 ] ; then\n    # print error to STDERR\n    echo \"error: The sandbox is not in sync with the Podfile.lock. Run 'pod install' or update your CocoaPods installation.\" >&2\n    exit 1\nfi\n";
			showEnvVarsInLog = 0;
		};
		9850CB76DD0318754008F5D3 /* [CP] Embed Pods Frameworks */ = {
			isa = PBXShellScriptBuildPhase;
			buildActionMask = 2147483647;
			files = (
			);
			inputPaths = (
			);
			name = "[CP] Embed Pods Frameworks";
			outputPaths = (
			);
			runOnlyForDeploymentPostprocessing = 0;
			shellPath = /bin/sh;
			shellScript = "\"${SRCROOT}/Pods/Target Support Files/Pods-FastlaneDemo/Pods-FastlaneDemo-frameworks.sh\"\n";
			showEnvVarsInLog = 0;
		};
		CD098AF71DD6EAF200C38CF2 /* ShellScript */ = {
			isa = PBXShellScriptBuildPhase;
			buildActionMask = 2147483647;
			files = (
			);
			inputPaths = (
			);
			outputPaths = (
			);
			runOnlyForDeploymentPostprocessing = 0;
			shellPath = /bin/sh;
			shellScript = "\"${PODS_ROOT}/Fabric/run\" 5a4c97ff523a07f94aa4caad057d6c43f3f34ad1 f38ecf317e89383290ecf06e226b9d6513483202362e3b7374b24e42ae9df173";
		};
		E7E8C18D249C714164F70DA8 /* [CP] Embed Pods Frameworks */ = {
			isa = PBXShellScriptBuildPhase;
			buildActionMask = 2147483647;
			files = (
			);
			inputPaths = (
			);
			name = "[CP] Embed Pods Frameworks";
			outputPaths = (
			);
			runOnlyForDeploymentPostprocessing = 0;
			shellPath = /bin/sh;
			shellScript = "\"${SRCROOT}/Pods/Target Support Files/Pods-FastlaneDemoUITests/Pods-FastlaneDemoUITests-frameworks.sh\"\n";
			showEnvVarsInLog = 0;
		};
/* End PBXShellScriptBuildPhase section */

/* Begin PBXSourcesBuildPhase section */
		CDB540001DD6C81000F05E73 /* Sources */ = {
			isa = PBXSourcesBuildPhase;
			buildActionMask = 2147483647;
			files = (
				CDB540121DD6C81000F05E73 /* SecondViewController.m in Sources */,
				CDB5400C1DD6C81000F05E73 /* AppDelegate.m in Sources */,
				CDB5400F1DD6C81000F05E73 /* FirstViewController.m in Sources */,
				CDB540091DD6C81000F05E73 /* main.m in Sources */,
			);
			runOnlyForDeploymentPostprocessing = 0;
		};
		CDB5401C1DD6C81000F05E73 /* Sources */ = {
			isa = PBXSourcesBuildPhase;
			buildActionMask = 2147483647;
			files = (
				CDB540251DD6C81000F05E73 /* FastlaneDemoUITests.m in Sources */,
			);
			runOnlyForDeploymentPostprocessing = 0;
		};
/* End PBXSourcesBuildPhase section */

/* Begin PBXTargetDependency section */
		CDB540221DD6C81000F05E73 /* PBXTargetDependency */ = {
			isa = PBXTargetDependency;
			target = CDB540031DD6C81000F05E73 /* FastlaneDemo */;
			targetProxy = CDB540211DD6C81000F05E73 /* PBXContainerItemProxy */;
		};
/* End PBXTargetDependency section */

/* Begin PBXVariantGroup section */
		CDB540131DD6C81000F05E73 /* Main.storyboard */ = {
			isa = PBXVariantGroup;
			children = (
				CDB540141DD6C81000F05E73 /* Base */,
			);
			name = Main.storyboard;
			sourceTree = "<group>";
		};
		CDB540181DD6C81000F05E73 /* LaunchScreen.storyboard */ = {
			isa = PBXVariantGroup;
			children = (
				CDB540191DD6C81000F05E73 /* Base */,
			);
			name = LaunchScreen.storyboard;
			sourceTree = "<group>";
		};
/* End PBXVariantGroup section */

/* Begin XCBuildConfiguration section */
		CDB540271DD6C81000F05E73 /* Debug */ = {
			isa = XCBuildConfiguration;
			buildSettings = {
				ALWAYS_SEARCH_USER_PATHS = NO;
				CLANG_ANALYZER_NONNULL = YES;
				CLANG_CXX_LANGUAGE_STANDARD = "gnu++0x";
				CLANG_CXX_LIBRARY = "libc++";
				CLANG_ENABLE_MODULES = YES;
				CLANG_ENABLE_OBJC_ARC = YES;
				CLANG_WARN_BOOL_CONVERSION = YES;
				CLANG_WARN_CONSTANT_CONVERSION = YES;
				CLANG_WARN_DIRECT_OBJC_ISA_USAGE = YES_ERROR;
				CLANG_WARN_DOCUMENTATION_COMMENTS = YES;
				CLANG_WARN_EMPTY_BODY = YES;
				CLANG_WARN_ENUM_CONVERSION = YES;
				CLANG_WARN_INFINITE_RECURSION = YES;
				CLANG_WARN_INT_CONVERSION = YES;
				CLANG_WARN_OBJC_ROOT_CLASS = YES_ERROR;
				CLANG_WARN_SUSPICIOUS_MOVES = YES;
				CLANG_WARN_UNREACHABLE_CODE = YES;
				CLANG_WARN__DUPLICATE_METHOD_MATCH = YES;
				"CODE_SIGN_IDENTITY[sdk=iphoneos*]" = "iPhone Developer";
				COPY_PHASE_STRIP = NO;
				DEBUG_INFORMATION_FORMAT = dwarf;
				ENABLE_STRICT_OBJC_MSGSEND = YES;
				ENABLE_TESTABILITY = YES;
				GCC_C_LANGUAGE_STANDARD = gnu99;
				GCC_DYNAMIC_NO_PIC = NO;
				GCC_NO_COMMON_BLOCKS = YES;
				GCC_OPTIMIZATION_LEVEL = 0;
				GCC_PREPROCESSOR_DEFINITIONS = (
					"DEBUG=1",
					"$(inherited)",
				);
				GCC_WARN_64_TO_32_BIT_CONVERSION = YES;
				GCC_WARN_ABOUT_RETURN_TYPE = YES_ERROR;
				GCC_WARN_UNDECLARED_SELECTOR = YES;
				GCC_WARN_UNINITIALIZED_AUTOS = YES_AGGRESSIVE;
				GCC_WARN_UNUSED_FUNCTION = YES;
				GCC_WARN_UNUSED_VARIABLE = YES;
				IPHONEOS_DEPLOYMENT_TARGET = 10.1;
				MTL_ENABLE_DEBUG_INFO = YES;
				ONLY_ACTIVE_ARCH = YES;
				SDKROOT = iphoneos;
			};
			name = Debug;
		};
		CDB540281DD6C81000F05E73 /* Release */ = {
			isa = XCBuildConfiguration;
			buildSettings = {
				ALWAYS_SEARCH_USER_PATHS = NO;
				CLANG_ANALYZER_NONNULL = YES;
				CLANG_CXX_LANGUAGE_STANDARD = "gnu++0x";
				CLANG_CXX_LIBRARY = "libc++";
				CLANG_ENABLE_MODULES = YES;
				CLANG_ENABLE_OBJC_ARC = YES;
				CLANG_WARN_BOOL_CONVERSION = YES;
				CLANG_WARN_CONSTANT_CONVERSION = YES;
				CLANG_WARN_DIRECT_OBJC_ISA_USAGE = YES_ERROR;
				CLANG_WARN_DOCUMENTATION_COMMENTS = YES;
				CLANG_WARN_EMPTY_BODY = YES;
				CLANG_WARN_ENUM_CONVERSION = YES;
				CLANG_WARN_INFINITE_RECURSION = YES;
				CLANG_WARN_INT_CONVERSION = YES;
				CLANG_WARN_OBJC_ROOT_CLASS = YES_ERROR;
				CLANG_WARN_SUSPICIOUS_MOVES = YES;
				CLANG_WARN_UNREACHABLE_CODE = YES;
				CLANG_WARN__DUPLICATE_METHOD_MATCH = YES;
				"CODE_SIGN_IDENTITY[sdk=iphoneos*]" = "iPhone Developer";
				COPY_PHASE_STRIP = NO;
				DEBUG_INFORMATION_FORMAT = "dwarf-with-dsym";
				ENABLE_NS_ASSERTIONS = NO;
				ENABLE_STRICT_OBJC_MSGSEND = YES;
				GCC_C_LANGUAGE_STANDARD = gnu99;
				GCC_NO_COMMON_BLOCKS = YES;
				GCC_WARN_64_TO_32_BIT_CONVERSION = YES;
				GCC_WARN_ABOUT_RETURN_TYPE = YES_ERROR;
				GCC_WARN_UNDECLARED_SELECTOR = YES;
				GCC_WARN_UNINITIALIZED_AUTOS = YES_AGGRESSIVE;
				GCC_WARN_UNUSED_FUNCTION = YES;
				GCC_WARN_UNUSED_VARIABLE = YES;
				IPHONEOS_DEPLOYMENT_TARGET = 10.1;
				MTL_ENABLE_DEBUG_INFO = NO;
				SDKROOT = iphoneos;
				VALIDATE_PRODUCT = YES;
			};
			name = Release;
		};
		CDB5402A1DD6C81000F05E73 /* Debug */ = {
			isa = XCBuildConfiguration;
			baseConfigurationReference = C1CC14706B2BEA1507933453 /* Pods-FastlaneDemo.debug.xcconfig */;
			buildSettings = {
				ASSETCATALOG_COMPILER_APPICON_NAME = AppIcon;
				DEVELOPMENT_TEAM = PRT6NHDX32;
				INFOPLIST_FILE = FastlaneDemo/Info.plist;
				LD_RUNPATH_SEARCH_PATHS = "$(inherited) @executable_path/Frameworks";
				PRODUCT_BUNDLE_IDENTIFIER = com.interactionone.FastlaneDemo;
				PRODUCT_NAME = "$(TARGET_NAME)";
			};
			name = Debug;
		};
		CDB5402B1DD6C81000F05E73 /* Release */ = {
			isa = XCBuildConfiguration;
			baseConfigurationReference = 42853825073C0690535D1538 /* Pods-FastlaneDemo.release.xcconfig */;
			buildSettings = {
				ASSETCATALOG_COMPILER_APPICON_NAME = AppIcon;
				DEVELOPMENT_TEAM = PRT6NHDX32;
				INFOPLIST_FILE = FastlaneDemo/Info.plist;
				LD_RUNPATH_SEARCH_PATHS = "$(inherited) @executable_path/Frameworks";
				PRODUCT_BUNDLE_IDENTIFIER = com.interactionone.FastlaneDemo;
				PRODUCT_NAME = "$(TARGET_NAME)";
			};
			name = Release;
		};
		CDB5402D1DD6C81000F05E73 /* Debug */ = {
			isa = XCBuildConfiguration;
			baseConfigurationReference = 91AC8FA9CED99E75201F96DA /* Pods-FastlaneDemoUITests.debug.xcconfig */;
			buildSettings = {
				INFOPLIST_FILE = FastlaneDemoUITests/Info.plist;
				LD_RUNPATH_SEARCH_PATHS = "$(inherited) @executable_path/Frameworks @loader_path/Frameworks";
				PRODUCT_BUNDLE_IDENTIFIER = com.interactionone.FastlaneDemoUITests;
				PRODUCT_NAME = "$(TARGET_NAME)";
				TEST_TARGET_NAME = FastlaneDemo;
			};
			name = Debug;
		};
		CDB5402E1DD6C81000F05E73 /* Release */ = {
			isa = XCBuildConfiguration;
			baseConfigurationReference = 369CAD414E543E9EC37DFA13 /* Pods-FastlaneDemoUITests.release.xcconfig */;
			buildSettings = {
				INFOPLIST_FILE = FastlaneDemoUITests/Info.plist;
				LD_RUNPATH_SEARCH_PATHS = "$(inherited) @executable_path/Frameworks @loader_path/Frameworks";
				PRODUCT_BUNDLE_IDENTIFIER = com.interactionone.FastlaneDemoUITests;
				PRODUCT_NAME = "$(TARGET_NAME)";
				TEST_TARGET_NAME = FastlaneDemo;
			};
			name = Release;
		};
/* End XCBuildConfiguration section */

/* Begin XCConfigurationList section */
		CDB53FFF1DD6C81000F05E73 /* Build configuration list for PBXProject "FastlaneDemo" */ = {
			isa = XCConfigurationList;
			buildConfigurations = (
				CDB540271DD6C81000F05E73 /* Debug */,
				CDB540281DD6C81000F05E73 /* Release */,
			);
			defaultConfigurationIsVisible = 0;
			defaultConfigurationName = Release;
		};
		CDB540291DD6C81000F05E73 /* Build configuration list for PBXNativeTarget "FastlaneDemo" */ = {
			isa = XCConfigurationList;
			buildConfigurations = (
				CDB5402A1DD6C81000F05E73 /* Debug */,
				CDB5402B1DD6C81000F05E73 /* Release */,
			);
			defaultConfigurationIsVisible = 0;
			defaultConfigurationName = Release;
		};
		CDB5402C1DD6C81000F05E73 /* Build configuration list for PBXNativeTarget "FastlaneDemoUITests" */ = {
			isa = XCConfigurationList;
			buildConfigurations = (
				CDB5402D1DD6C81000F05E73 /* Debug */,
				CDB5402E1DD6C81000F05E73 /* Release */,
			);
			defaultConfigurationIsVisible = 0;
			defaultConfigurationName = Release;
		};
/* End XCConfigurationList section */
	};
	rootObject = CDB53FFC1DD6C81000F05E73 /* Project object */;
}
